
Microsoft Visual Studio Solution File, Format Version 12.00
# Visual Studio Version 16
VisualStudioVersion = 16.0.32228.343
MinimumVisualStudioVersion = 10.0.40219.1
Project("{FAE04EC0-301F-11D3-BF4B-00C04F79EFBC}") = "MappingImageExampleProject", "MappingImageExampleProject\MappingImageExampleProject.csproj", "{8EA7440C-1699-4691-87DD-7E69E9B036FF}"
EndProject
Global
	GlobalSection(SolutionConfigurationPlatforms) = preSolution
		Debug|Any CPU = Debug|Any CPU
		Release|Any CPU = Release|Any CPU
	EndGlobalSection
	GlobalSection(ProjectConfigurationPlatforms) = postSolution
		{8EA7440C-1699-4691-87DD-7E69E9B036FF}.Debug|Any CPU.ActiveCfg = Debug|Any CPU
		{8EA7440C-1699-4691-87DD-7E69E9B036FF}.Debug|Any CPU.Build.0 = Debug|Any CPU
		{8EA7440C-1699-4691-87DD-7E69E9B036FF}.Release|Any CPU.ActiveCfg = Release|Any CPU
		{8EA7440C-1699-4691-87DD-7E69E9B036FF}.Release|Any CPU.Build.0 = Release|Any CPU
	EndGlobalSection
	GlobalSection(SolutionProperties) = preSolution
		HideSolutionNode = FALSE
	EndGlobalSection
	GlobalSection(ExtensibilityGlobals) = postSolution
		SolutionGuid = {82A93A7F-1A74-42A8-89DC-50B7CA793681}
	EndGlobalSection
EndGlobal
